{
  "lockfile_version": "1",
  "packages": {
    "github:NixOS/nixpkgs/nixpkgs-unstable": {
      "last_modified": "2025-06-27T03:16:46Z",
      "resolved": "github:NixOS/nixpkgs/80d50fc87924c2a0d346372d242c27973cf8cdbf?lastModified=1750994206&narHash=sha256-3u6rEbIX9CN%2F5A5%2Fmc3u0wIO1geZ0EhjvPBXmRDHqWM%3D"
    },
    "hugo@latest": {
      "last_modified": "2025-06-25T00:36:27Z",
      "resolved": "github:NixOS/nixpkgs/992f916556fcfaa94451ebc7fc6e396134bbf5b1#hugo",
      "source": "devbox-search",
      "version": "0.147.9",
      "systems": {
        "aarch64-darwin": {
          "outputs": [
            {
              "name": "out",
              "path": "/nix/store/zndgsz9nxgx5jw7pijmzc5prw7pixknk-hugo-0.147.9",
              "default": true
            }
          ],
          "store_path": "/nix/store/zndgsz9nxgx5jw7pijmzc5prw7pixknk-hugo-0.147.9"
        },
        "aarch64-linux": {
          "outputs": [
            {
              "name": "out",
              "path": "/nix/store/1p2xcqx3141jcnf5xal0v6brqkvlad1i-hugo-0.147.9",
              "default": true
            }
          ],
          "store_path": "/nix/store/1p2xcqx3141jcnf5xal0v6brqkvlad1i-hugo-0.147.9"
        },
        "x86_64-darwin": {
          "outputs": [
            {
              "name": "out",
              "path": "/nix/store/016i5gqwapy44dkgm3hdi599ggy1ps27-hugo-0.147.9",
              "default": true
            }
          ],
          "store_path": "/nix/store/016i5gqwapy44dkgm3hdi599ggy1ps27-hugo-0.147.9"
        },
        "x86_64-linux": {
          "outputs": [
            {
              "name": "out",
              "path": "/nix/store/yrh7bd99zim2n7bza42hb7chym078fqd-hugo-0.147.9",
              "default": true
            }
          ],
          "store_path": "/nix/store/yrh7bd99zim2n7bza42hb7chym078fqd-hugo-0.147.9"
        }
      }
    }
  }
}
